// !$*UTF8*$!
{
	archiveVersion = 1;
	classes = {
	};
	objectVersion = 56;
	objects = {

/* Begin PBXBuildFile section */
		3F7195E52C8E6BCC00DAE121 /* AppDelegate.swift in Sources */ = {isa = PBXBuildFile; fileRef = 3F7195E42C8E6BCC00DAE121 /* AppDelegate.swift */; };
		3F7195E72C8E6BCC00DAE121 /* SceneDelegate.swift in Sources */ = {isa = PBXBuildFile; fileRef = 3F7195E62C8E6BCC00DAE121 /* SceneDelegate.swift */; };
		3F7195E92C8E6BCC00DAE121 /* ViewController.swift in Sources */ = {isa = PBXBuildFile; fileRef = 3F7195E82C8E6BCC00DAE121 /* ViewController.swift */; };
		3F7195EC2C8E6BCC00DAE121 /* Base in Resources */ = {isa = PBXBuildFile; fileRef = 3F7195EB2C8E6BCC00DAE121 /* Base */; };
		3F7195EE2C8E6BCD00DAE121 /* Assets.xcassets in Resources */ = {isa = PBXBuildFile; fileRef = 3F7195ED2C8E6BCD00DAE121 /* Assets.xcassets */; };
		3F7195F12C8E6BCD00DAE121 /* Base in Resources */ = {isa = PBXBuildFile; fileRef = 3F7195F02C8E6BCD00DAE121 /* Base */; };
		3F7195FC2C8E6BCD00DAE121 /* I_am_richTests.swift in Sources */ = {isa = PBXBuildFile; fileRef = 3F7195FB2C8E6BCD00DAE121 /* I_am_richTests.swift */; };
		3F7196062C8E6BCD00DAE121 /* I_am_richUITests.swift in Sources */ = {isa = PBXBuildFile; fileRef = 3F7196052C8E6BCD00DAE121 /* I_am_richUITests.swift */; };
		3F7196082C8E6BCD00DAE121 /* I_am_richUITestsLaunchTests.swift in Sources */ = {isa = PBXBuildFile; fileRef = 3F7196072C8E6BCD00DAE121 /* I_am_richUITestsLaunchTests.swift */; };
/* End PBXBuildFile section */

/* Begin PBXContainerItemProxy section */
		3F7195F82C8E6BCD00DAE121 /* PBXContainerItemProxy */ = {
			isa = PBXContainerItemProxy;
			containerPortal = 3F7195D92C8E6BCC00DAE121 /* Project object */;
			proxyType = 1;
			remoteGlobalIDString = 3F7195E02C8E6BCC00DAE121;
			remoteInfo = "I am rich";
		};
		3F7196022C8E6BCD00DAE121 /* PBXContainerItemProxy */ = {
			isa = PBXContainerItemProxy;
			containerPortal = 3F7195D92C8E6BCC00DAE121 /* Project object */;
			proxyType = 1;
			remoteGlobalIDString = 3F7195E02C8E6BCC00DAE121;
			remoteInfo = "I am rich";
		};
/* End PBXContainerItemProxy section */

/* Begin PBXFileReference section */
		3F7195E12C8E6BCC00DAE121 /* I am rich.app */ = {isa = PBXFileReference; explicitFileType = wrapper.application; includeInIndex = 0; path = "I am rich.app"; sourceTree = BUILT_PRODUCTS_DIR; };
		3F7195E42C8E6BCC00DAE121 /* AppDelegate.swift */ = {isa = PBXFileReference; lastKnownFileType = sourcecode.swift; path = AppDelegate.swift; sourceTree = "<group>"; };
		3F7195E62C8E6BCC00DAE121 /* SceneDelegate.swift */ = {isa = PBXFileReference; lastKnownFileType = sourcecode.swift; path = SceneDelegate.swift; sourceTree = "<group>"; };
		3F7195E82C8E6BCC00DAE121 /* ViewController.swift */ = {isa = PBXFileReference; lastKnownFileType = sourcecode.swift; path = ViewController.swift; sourceTree = "<group>"; };
		3F7195EB2C8E6BCC00DAE121 /* Base */ = {isa = PBXFileReference; lastKnownFileType = file.storyboard; name = Base; path = Base.lproj/Main.storyboard; sourceTree = "<group>"; };
		3F7195ED2C8E6BCD00DAE121 /* Assets.xcassets */ = {isa = PBXFileReference; lastKnownFileType = folder.assetcatalog; path = Assets.xcassets; sourceTree = "<group>"; };
		3F7195F02C8E6BCD00DAE121 /* Base */ = {isa = PBXFileReference; lastKnownFileType = file.storyboard; name = Base; path = Base.lproj/LaunchScreen.storyboard; sourceTree = "<group>"; };
		3F7195F22C8E6BCD00DAE121 /* Info.plist */ = {isa = PBXFileReference; lastKnownFileType = text.plist.xml; path = Info.plist; sourceTree = "<group>"; };
		3F7195F72C8E6BCD00DAE121 /* I am richTests.xctest */ = {isa = PBXFileReference; explicitFileType = wrapper.cfbundle; includeInIndex = 0; path = "I am richTests.xctest"; sourceTree = BUILT_PRODUCTS_DIR; };
		3F7195FB2C8E6BCD00DAE121 /* I_am_richTests.swift */ = {isa = PBXFileReference; lastKnownFileType = sourcecode.swift; path = I_am_richTests.swift; sourceTree = "<group>"; };
		3F7196012C8E6BCD00DAE121 /* I am richUITests.xctest */ = {isa = PBXFileReference; explicitFileType = wrapper.cfbundle; includeInIndex = 0; path = "I am richUITests.xctest"; sourceTree = BUILT_PRODUCTS_DIR; };
		3F7196052C8E6BCD00DAE121 /* I_am_richUITests.swift */ = {isa = PBXFileReference; lastKnownFileType = sourcecode.swift; path = I_am_richUITests.swift; sourceTree = "<group>"; };
		3F7196072C8E6BCD00DAE121 /* I_am_richUITestsLaunchTests.swift */ = {isa = PBXFileReference; lastKnownFileType = sourcecode.swift; path = I_am_richUITestsLaunchTests.swift; sourceTree = "<group>"; };
/* End PBXFileReference section */

/* Begin PBXFrameworksBuildPhase section */
		3F7195DE2C8E6BCC00DAE121 /* Frameworks */ = {
			isa = PBXFrameworksBuildPhase;
			buildActionMask = 2147483647;
			files = (
			);
			runOnlyForDeploymentPostprocessing = 0;
		};
		3F7195F42C8E6BCD00DAE121 /* Frameworks */ = {
			isa = PBXFrameworksBuildPhase;
			buildActionMask = 2147483647;
			files = (
			);
			runOnlyForDeploymentPostprocessing = 0;
		};
		3F7195FE2C8E6BCD00DAE121 /* Frameworks */ = {
			isa = PBXFrameworksBuildPhase;
			buildActionMask = 2147483647;
			files = (
			);
			runOnlyForDeploymentPostprocessing = 0;
		};
/* End PBXFrameworksBuildPhase section */

/* Begin PBXGroup section */
		3F7195D82C8E6BCC00DAE121 = {
			isa = PBXGroup;
			children = (
				3F7195E32C8E6BCC00DAE121 /* I am rich */,
				3F7195FA2C8E6BCD00DAE121 /* I am richTests */,
				3F7196042C8E6BCD00DAE121 /* I am richUITests */,
				3F7195E22C8E6BCC00DAE121 /* Products */,
			);
			sourceTree = "<group>";
		};
		3F7195E22C8E6BCC00DAE121 /* Products */ = {
			isa = PBXGroup;
			children = (
				3F7195E12C8E6BCC00DAE121 /* I am rich.app */,
				3F7195F72C8E6BCD00DAE121 /* I am richTests.xctest */,
				3F7196012C8E6BCD00DAE121 /* I am richUITests.xctest */,
			);
			name = Products;
			sourceTree = "<group>";
		};
		3F7195E32C8E6BCC00DAE121 /* I am rich */ = {
			isa = PBXGroup;
			children = (
				3F7195E42C8E6BCC00DAE121 /* AppDelegate.swift */,
				3F7195E62C8E6BCC00DAE121 /* SceneDelegate.swift */,
				3F7195E82C8E6BCC00DAE121 /* ViewController.swift */,
				3F7195EA2C8E6BCC00DAE121 /* Main.storyboard */,
				3F7195ED2C8E6BCD00DAE121 /* Assets.xcassets */,
				3F7195EF2C8E6BCD00DAE121 /* LaunchScreen.storyboard */,
				3F7195F22C8E6BCD00DAE121 /* Info.plist */,
			);
			path = "I am rich";
			sourceTree = "<group>";
		};
		3F7195FA2C8E6BCD00DAE121 /* I am richTests */ = {
			isa = PBXGroup;
			children = (
				3F7195FB2C8E6BCD00DAE121 /* I_am_richTests.swift */,
			);
			path = "I am richTests";
			sourceTree = "<group>";
		};
		3F7196042C8E6BCD00DAE121 /* I am richUITests */ = {
			isa = PBXGroup;
			children = (
				3F7196052C8E6BCD00DAE121 /* I_am_richUITests.swift */,
				3F7196072C8E6BCD00DAE121 /* I_am_richUITestsLaunchTests.swift */,
			);
			path = "I am richUITests";
			sourceTree = "<group>";
		};
/* End PBXGroup section */

/* Begin PBXNativeTarget section */
		3F7195E02C8E6BCC00DAE121 /* I am rich */ = {
			isa = PBXNativeTarget;
			buildConfigurationList = 3F71960B2C8E6BCD00DAE121 /* Build configuration list for PBXNativeTarget "I am rich" */;
			buildPhases = (
				3F7195DD2C8E6BCC00DAE121 /* Sources */,
				3F7195DE2C8E6BCC00DAE121 /* Frameworks */,
				3F7195DF2C8E6BCC00DAE121 /* Resources */,
			);
			buildRules = (
			);
			dependencies = (
			);
			name = "I am rich";
			productName = "I am rich";
			productReference = 3F7195E12C8E6BCC00DAE121 /* I am rich.app */;
			productType = "com.apple.product-type.application";
		};
		3F7195F62C8E6BCD00DAE121 /* I am richTests */ = {
			isa = PBXNativeTarget;
			buildConfigurationList = 3F71960E2C8E6BCD00DAE121 /* Build configuration list for PBXNativeTarget "I am richTests" */;
			buildPhases = (
				3F7195F32C8E6BCD00DAE121 /* Sources */,
				3F7195F42C8E6BCD00DAE121 /* Frameworks */,
				3F7195F52C8E6BCD00DAE121 /* Resources */,
			);
			buildRules = (
			);
			dependencies = (
				3F7195F92C8E6BCD00DAE121 /* PBXTargetDependency */,
			);
			name = "I am richTests";
			productName = "I am richTests";
			productReference = 3F7195F72C8E6BCD00DAE121 /* I am richTests.xctest */;
			productType = "com.apple.product-type.bundle.unit-test";
		};
		3F7196002C8E6BCD00DAE121 /* I am richUITests */ = {
			isa = PBXNativeTarget;
			buildConfigurationList = 3F7196112C8E6BCD00DAE121 /* Build configuration list for PBXNativeTarget "I am richUITests" */;
			buildPhases = (
				3F7195FD2C8E6BCD00DAE121 /* Sources */,
				3F7195FE2C8E6BCD00DAE121 /* Frameworks */,
				3F7195FF2C8E6BCD00DAE121 /* Resources */,
			);
			buildRules = (
			);
			dependencies = (
				3F7196032C8E6BCD00DAE121 /* PBXTargetDependency */,
			);
			name = "I am richUITests";
			productName = "I am richUITests";
			productReference = 3F7196012C8E6BCD00DAE121 /* I am richUITests.xctest */;
			productType = "com.apple.product-type.bundle.ui-testing";
		};
/* End PBXNativeTarget section */

/* Begin PBXProject section */
		3F7195D92C8E6BCC00DAE121 /* Project object */ = {
			isa = PBXProject;
			attributes = {
				BuildIndependentTargetsInParallel = 1;
				LastSwiftUpdateCheck = 1540;
				LastUpgradeCheck = 1540;
				TargetAttributes = {
					3F7195E02C8E6BCC00DAE121 = {
						CreatedOnToolsVersion = 15.4;
					};
					3F7195F62C8E6BCD00DAE121 = {
						CreatedOnToolsVersion = 15.4;
						TestTargetID = 3F7195E02C8E6BCC00DAE121;
					};
					3F7196002C8E6BCD00DAE121 = {
						CreatedOnToolsVersion = 15.4;
						TestTargetID = 3F7195E02C8E6BCC00DAE121;
					};
				};
			};
			buildConfigurationList = 3F7195DC2C8E6BCC00DAE121 /* Build configuration list for PBXProject "I am rich" */;
			compatibilityVersion = "Xcode 14.0";
			developmentRegion = en;
			hasScannedForEncodings = 0;
			knownRegions = (
				en,
				Base,
			);
			mainGroup = 3F7195D82C8E6BCC00DAE121;
			productRefGroup = 3F7195E22C8E6BCC00DAE121 /* Products */;
			projectDirPath = "";
			projectRoot = "";
			targets = (
				3F7195E02C8E6BCC00DAE121 /* I am rich */,
				3F7195F62C8E6BCD00DAE121 /* I am richTests */,
				3F7196002C8E6BCD00DAE121 /* I am richUITests */,
			);
		};
/* End PBXProject section */

/* Begin PBXResourcesBuildPhase section */
		3F7195DF2C8E6BCC00DAE121 /* Resources */ = {
			isa = PBXResourcesBuildPhase;
			buildActionMask = 2147483647;
			files = (
				3F7195EE2C8E6BCD00DAE121 /* Assets.xcassets in Resources */,
				3F7195F12C8E6BCD00DAE121 /* Base in Resources */,
				3F7195EC2C8E6BCC00DAE121 /* Base in Resources */,
			);
			runOnlyForDeploymentPostprocessing = 0;
		};
		3F7195F52C8E6BCD00DAE121 /* Resources */ = {
			isa = PBXResourcesBuildPhase;
			buildActionMask = 2147483647;
			files = (
			);
			runOnlyForDeploymentPostprocessing = 0;
		};
		3F7195FF2C8E6BCD00DAE121 /* Resources */ = {
			isa = PBXResourcesBuildPhase;
			buildActionMask = 2147483647;
			files = (
			);
			runOnlyForDeploymentPostprocessing = 0;
		};
/* End PBXResourcesBuildPhase section */

/* Begin PBXSourcesBuildPhase section */
		3F7195DD2C8E6BCC00DAE121 /* Sources */ = {
			isa = PBXSourcesBuildPhase;
			buildActionMask = 2147483647;
			files = (
				3F7195E92C8E6BCC00DAE121 /* ViewController.swift in Sources */,
				3F7195E52C8E6BCC00DAE121 /* AppDelegate.swift in Sources */,
				3F7195E72C8E6BCC00DAE121 /* SceneDelegate.swift in Sources */,
			);
			runOnlyForDeploymentPostprocessing = 0;
		};
		3F7195F32C8E6BCD00DAE121 /* Sources */ = {
			isa = PBXSourcesBuildPhase;
			buildActionMask = 2147483647;
			files = (
				3F7195FC2C8E6BCD00DAE121 /* I_am_richTests.swift in Sources */,
			);
			runOnlyForDeploymentPostprocessing = 0;
		};
		3F7195FD2C8E6BCD00DAE121 /* Sources */ = {
			isa = PBXSourcesBuildPhase;
			buildActionMask = 2147483647;
			files = (
				3F7196082C8E6BCD00DAE121 /* I_am_richUITestsLaunchTests.swift in Sources */,
				3F7196062C8E6BCD00DAE121 /* I_am_richUITests.swift in Sources */,
			);
			runOnlyForDeploymentPostprocessing = 0;
		};
/* End PBXSourcesBuildPhase section */

/* Begin PBXTargetDependency section */
		3F7195F92C8E6BCD00DAE121 /* PBXTargetDependency */ = {
			isa = PBXTargetDependency;
			target = 3F7195E02C8E6BCC00DAE121 /* I am rich */;
			targetProxy = 3F7195F82C8E6BCD00DAE121 /* PBXContainerItemProxy */;
		};
		3F7196032C8E6BCD00DAE121 /* PBXTargetDependency */ = {
			isa = PBXTargetDependency;
			target = 3F7195E02C8E6BCC00DAE121 /* I am rich */;
			targetProxy = 3F7196022C8E6BCD00DAE121 /* PBXContainerItemProxy */;
		};
/* End PBXTargetDependency section */

/* Begin PBXVariantGroup section */
		3F7195EA2C8E6BCC00DAE121 /* Main.storyboard */ = {
			isa = PBXVariantGroup;
			children = (
				3F7195EB2C8E6BCC00DAE121 /* Base */,
			);
			name = Main.storyboard;
			sourceTree = "<group>";
		};
		3F7195EF2C8E6BCD00DAE121 /* LaunchScreen.storyboard */ = {
			isa = PBXVariantGroup;
			children = (
				3F7195F02C8E6BCD00DAE121 /* Base */,
			);
			name = LaunchScreen.storyboard;
			sourceTree = "<group>";
		};
/* End PBXVariantGroup section */

/* Begin XCBuildConfiguration section */
		3F7196092C8E6BCD00DAE121 /* Debug */ = {
			isa = XCBuildConfiguration;
			buildSettings = {
				ALWAYS_SEARCH_USER_PATHS = NO;
				ASSETCATALOG_COMPILER_GENERATE_SWIFT_ASSET_SYMBOL_EXTENSIONS = YES;
				CLANG_ANALYZER_NONNULL = YES;
				CLANG_ANALYZER_NUMBER_OBJECT_CONVERSION = YES_AGGRESSIVE;
				CLANG_CXX_LANGUAGE_STANDARD = "gnu++20";
				CLANG_ENABLE_MODULES = YES;
				CLANG_ENABLE_OBJC_ARC = YES;
				CLANG_ENABLE_OBJC_WEAK = YES;
				CLANG_WARN_BLOCK_CAPTURE_AUTORELEASING = YES;
				CLANG_WARN_BOOL_CONVERSION = YES;
				CLANG_WARN_COMMA = YES;
				CLANG_WARN_CONSTANT_CONVERSION = YES;
				CLANG_WARN_DEPRECATED_OBJC_IMPLEMENTATIONS = YES;
				CLANG_WARN_DIRECT_OBJC_ISA_USAGE = YES_ERROR;
				CLANG_WARN_DOCUMENTATION_COMMENTS = YES;
				CLANG_WARN_EMPTY_BODY = YES;
				CLANG_WARN_ENUM_CONVERSION = YES;
				CLANG_WARN_INFINITE_RECURSION = YES;
				CLANG_WARN_INT_CONVERSION = YES;
				CLANG_WARN_NON_LITERAL_NULL_CONVERSION = YES;
				CLANG_WARN_OBJC_IMPLICIT_RETAIN_SELF = YES;
				CLANG_WARN_OBJC_LITERAL_CONVERSION = YES;
				CLANG_WARN_OBJC_ROOT_CLASS = YES_ERROR;
				CLANG_WARN_QUOTED_INCLUDE_IN_FRAMEWORK_HEADER = YES;
				CLANG_WARN_RANGE_LOOP_ANALYSIS = YES;
				CLANG_WARN_STRICT_PROTOTYPES = YES;
				CLANG_WARN_SUSPICIOUS_MOVE = YES;
				CLANG_WARN_UNGUARDED_AVAILABILITY = YES_AGGRESSIVE;
				CLANG_WARN_UNREACHABLE_CODE = YES;
				CLANG_WARN__DUPLICATE_METHOD_MATCH = YES;
				COPY_PHASE_STRIP = NO;
				DEBUG_INFORMATION_FORMAT = dwarf;
				ENABLE_STRICT_OBJC_MSGSEND = YES;
				ENABLE_TESTABILITY = YES;
				ENABLE_USER_SCRIPT_SANDBOXING = YES;
				GCC_C_LANGUAGE_STANDARD = gnu17;
				GCC_DYNAMIC_NO_PIC = NO;
				GCC_NO_COMMON_BLOCKS = YES;
				GCC_OPTIMIZATION_LEVEL = 0;
				GCC_PREPROCESSOR_DEFINITIONS = (
					"DEBUG=1",
					"$(inherited)",
				);
				GCC_WARN_64_TO_32_BIT_CONVERSION = YES;
				GCC_WARN_ABOUT_RETURN_TYPE = YES_ERROR;
				GCC_WARN_UNDECLARED_SELECTOR = YES;
				GCC_WARN_UNINITIALIZED_AUTOS = YES_AGGRESSIVE;
				GCC_WARN_UNUSED_FUNCTION = YES;
				GCC_WARN_UNUSED_VARIABLE = YES;
				IPHONEOS_DEPLOYMENT_TARGET = 17.5;
				LOCALIZATION_PREFERS_STRING_CATALOGS = YES;
				MTL_ENABLE_DEBUG_INFO = INCLUDE_SOURCE;
				MTL_FAST_MATH = YES;
				ONLY_ACTIVE_ARCH = YES;
				SDKROOT = iphoneos;
				SWIFT_ACTIVE_COMPILATION_CONDITIONS = "DEBUG $(inherited)";
				SWIFT_OPTIMIZATION_LEVEL = "-Onone";
			};
			name = Debug;
		};
		3F71960A2C8E6BCD00DAE121 /* Release */ = {
			isa = XCBuildConfiguration;
			buildSettings = {
				ALWAYS_SEARCH_USER_PATHS = NO;
				ASSETCATALOG_COMPILER_GENERATE_SWIFT_ASSET_SYMBOL_EXTENSIONS = YES;
				CLANG_ANALYZER_NONNULL = YES;
				CLANG_ANALYZER_NUMBER_OBJECT_CONVERSION = YES_AGGRESSIVE;
				CLANG_CXX_LANGUAGE_STANDARD = "gnu++20";
				CLANG_ENABLE_MODULES = YES;
				CLANG_ENABLE_OBJC_ARC = YES;
				CLANG_ENABLE_OBJC_WEAK = YES;
				CLANG_WARN_BLOCK_CAPTURE_AUTORELEASING = YES;
				CLANG_WARN_BOOL_CONVERSION = YES;
				CLANG_WARN_COMMA = YES;
				CLANG_WARN_CONSTANT_CONVERSION = YES;
				CLANG_WARN_DEPRECATED_OBJC_IMPLEMENTATIONS = YES;
				CLANG_WARN_DIRECT_OBJC_ISA_USAGE = YES_ERROR;
				CLANG_WARN_DOCUMENTATION_COMMENTS = YES;
				CLANG_WARN_EMPTY_BODY = YES;
				CLANG_WARN_ENUM_CONVERSION = YES;
				CLANG_WARN_INFINITE_RECURSION = YES;
				CLANG_WARN_INT_CONVERSION = YES;
				CLANG_WARN_NON_LITERAL_NULL_CONVERSION = YES;
				CLANG_WARN_OBJC_IMPLICIT_RETAIN_SELF = YES;
				CLANG_WARN_OBJC_LITERAL_CONVERSION = YES;
				CLANG_WARN_OBJC_ROOT_CLASS = YES_ERROR;
				CLANG_WARN_QUOTED_INCLUDE_IN_FRAMEWORK_HEADER = YES;
				CLANG_WARN_RANGE_LOOP_ANALYSIS = YES;
				CLANG_WARN_STRICT_PROTOTYPES = YES;
				CLANG_WARN_SUSPICIOUS_MOVE = YES;
				CLANG_WARN_UNGUARDED_AVAILABILITY = YES_AGGRESSIVE;
				CLANG_WARN_UNREACHABLE_CODE = YES;
				CLANG_WARN__DUPLICATE_METHOD_MATCH = YES;
				COPY_PHASE_STRIP = NO;
				DEBUG_INFORMATION_FORMAT = "dwarf-with-dsym";
				ENABLE_NS_ASSERTIONS = NO;
				ENABLE_STRICT_OBJC_MSGSEND = YES;
				ENABLE_USER_SCRIPT_SANDBOXING = YES;
				GCC_C_LANGUAGE_STANDARD = gnu17;
				GCC_NO_COMMON_BLOCKS = YES;
				GCC_WARN_64_TO_32_BIT_CONVERSION = YES;
				GCC_WARN_ABOUT_RETURN_TYPE = YES_ERROR;
				GCC_WARN_UNDECLARED_SELECTOR = YES;
				GCC_WARN_UNINITIALIZED_AUTOS = YES_AGGRESSIVE;
				GCC_WARN_UNUSED_FUNCTION = YES;
				GCC_WARN_UNUSED_VARIABLE = YES;
				IPHONEOS_DEPLOYMENT_TARGET = 17.5;
				LOCALIZATION_PREFERS_STRING_CATALOGS = YES;
				MTL_ENABLE_DEBUG_INFO = NO;
				MTL_FAST_MATH = YES;
				SDKROOT = iphoneos;
				SWIFT_COMPILATION_MODE = wholemodule;
				VALIDATE_PRODUCT = YES;
			};
			name = Release;
		};
		3F71960C2C8E6BCD00DAE121 /* Debug */ = {
			isa = XCBuildConfiguration;
			buildSettings = {
				ASSETCATALOG_COMPILER_APPICON_NAME = AppIcon;
				ASSETCATALOG_COMPILER_GLOBAL_ACCENT_COLOR_NAME = AccentColor;
				CODE_SIGN_STYLE = Automatic;
				CURRENT_PROJECT_VERSION = 1;
				GENERATE_INFOPLIST_FILE = YES;
				INFOPLIST_FILE = "I am rich/Info.plist";
				INFOPLIST_KEY_UIApplicationSupportsIndirectInputEvents = YES;
				INFOPLIST_KEY_UILaunchStoryboardName = LaunchScreen;
				INFOPLIST_KEY_UIMainStoryboardFile = Main;
				INFOPLIST_KEY_UISupportedInterfaceOrientations_iPad = "UIInterfaceOrientationPortrait UIInterfaceOrientationPortraitUpsideDown UIInterfaceOrientationLandscapeLeft UIInterfaceOrientationLandscapeRight";
				INFOPLIST_KEY_UISupportedInterfaceOrientations_iPhone = "UIInterfaceOrientationPortrait UIInterfaceOrientationLandscapeLeft UIInterfaceOrientationLandscapeRight";
				LD_RUNPATH_SEARCH_PATHS = (
					"$(inherited)",
					"@executable_path/Frameworks",
				);
				MARKETING_VERSION = 1.0;
				PRODUCT_BUNDLE_IDENTIFIER = "com.yuribardin.I-am-rich";
				PRODUCT_NAME = "$(TARGET_NAME)";
				SWIFT_EMIT_LOC_STRINGS = YES;
				SWIFT_VERSION = 5.0;
				TARGETED_DEVICE_FAMILY = "1,2";
			};
			name = Debug;
		};
		3F71960D2C8E6BCD00DAE121 /* Release */ = {
			isa = XCBuildConfiguration;
			buildSettings = {
				ASSETCATALOG_COMPILER_APPICON_NAME = AppIcon;
				ASSETCATALOG_COMPILER_GLOBAL_ACCENT_COLOR_NAME = AccentColor;
				CODE_SIGN_STYLE = Automatic;
				CURRENT_PROJECT_VERSION = 1;
				GENERATE_INFOPLIST_FILE = YES;
				INFOPLIST_FILE = "I am rich/Info.plist";
				INFOPLIST_KEY_UIApplicationSupportsIndirectInputEvents = YES;
				INFOPLIST_KEY_UILaunchStoryboardName = LaunchScreen;
				INFOPLIST_KEY_UIMainStoryboardFile = Main;
				INFOPLIST_KEY_UISupportedInterfaceOrientations_iPad = "UIInterfaceOrientationPortrait UIInterfaceOrientationPortraitUpsideDown UIInterfaceOrientationLandscapeLeft UIInterfaceOrientationLandscapeRight";
				INFOPLIST_KEY_UISupportedInterfaceOrientations_iPhone = "UIInterfaceOrientationPortrait UIInterfaceOrientationLandscapeLeft UIInterfaceOrientationLandscapeRight";
				LD_RUNPATH_SEARCH_PATHS = (
					"$(inherited)",
					"@executable_path/Frameworks",
				);
				MARKETING_VERSION = 1.0;
				PRODUCT_BUNDLE_IDENTIFIER = "com.yuribardin.I-am-rich";
				PRODUCT_NAME = "$(TARGET_NAME)";
				SWIFT_EMIT_LOC_STRINGS = YES;
				SWIFT_VERSION = 5.0;
				TARGETED_DEVICE_FAMILY = "1,2";
			};
			name = Release;
		};
		3F71960F2C8E6BCD00DAE121 /* Debug */ = {
			isa = XCBuildConfiguration;
			buildSettings = {
				ALWAYS_EMBED_SWIFT_STANDARD_LIBRARIES = YES;
				BUNDLE_LOADER = "$(TEST_HOST)";
				CODE_SIGN_STYLE = Automatic;
				CURRENT_PROJECT_VERSION = 1;
				GENERATE_INFOPLIST_FILE = YES;
				IPHONEOS_DEPLOYMENT_TARGET = 17.5;
				MARKETING_VERSION = 1.0;
				PRODUCT_BUNDLE_IDENTIFIER = "com.yuribardin.I-am-richTests";
				PRODUCT_NAME = "$(TARGET_NAME)";
				SWIFT_EMIT_LOC_STRINGS = NO;
				SWIFT_VERSION = 5.0;
				TARGETED_DEVICE_FAMILY = "1,2";
				TEST_HOST = "$(BUILT_PRODUCTS_DIR)/I am rich.app/$(BUNDLE_EXECUTABLE_FOLDER_PATH)/I am rich";
			};
			name = Debug;
		};
		3F7196102C8E6BCD00DAE121 /* Release */ = {
			isa = XCBuildConfiguration;
			buildSettings = {
				ALWAYS_EMBED_SWIFT_STANDARD_LIBRARIES = YES;
				BUNDLE_LOADER = "$(TEST_HOST)";
				CODE_SIGN_STYLE = Automatic;
				CURRENT_PROJECT_VERSION = 1;
				GENERATE_INFOPLIST_FILE = YES;
				IPHONEOS_DEPLOYMENT_TARGET = 17.5;
				MARKETING_VERSION = 1.0;
				PRODUCT_BUNDLE_IDENTIFIER = "com.yuribardin.I-am-richTests";
				PRODUCT_NAME = "$(TARGET_NAME)";
				SWIFT_EMIT_LOC_STRINGS = NO;
				SWIFT_VERSION = 5.0;
				TARGETED_DEVICE_FAMILY = "1,2";
				TEST_HOST = "$(BUILT_PRODUCTS_DIR)/I am rich.app/$(BUNDLE_EXECUTABLE_FOLDER_PATH)/I am rich";
			};
			name = Release;
		};
		3F7196122C8E6BCD00DAE121 /* Debug */ = {
			isa = XCBuildConfiguration;
			buildSettings = {
				ALWAYS_EMBED_SWIFT_STANDARD_LIBRARIES = YES;
				CODE_SIGN_STYLE = Automatic;
				CURRENT_PROJECT_VERSION = 1;
				GENERATE_INFOPLIST_FILE = YES;
				MARKETING_VERSION = 1.0;
				PRODUCT_BUNDLE_IDENTIFIER = "com.yuribardin.I-am-richUITests";
				PRODUCT_NAME = "$(TARGET_NAME)";
				SWIFT_EMIT_LOC_STRINGS = NO;
				SWIFT_VERSION = 5.0;
				TARGETED_DEVICE_FAMILY = "1,2";
				TEST_TARGET_NAME = "I am rich";
			};
			name = Debug;
		};
		3F7196132C8E6BCD00DAE121 /* Release */ = {
			isa = XCBuildConfiguration;
			buildSettings = {
				ALWAYS_EMBED_SWIFT_STANDARD_LIBRARIES = YES;
				CODE_SIGN_STYLE = Automatic;
				CURRENT_PROJECT_VERSION = 1;
				GENERATE_INFOPLIST_FILE = YES;
				MARKETING_VERSION = 1.0;
				PRODUCT_BUNDLE_IDENTIFIER = "com.yuribardin.I-am-richUITests";
				PRODUCT_NAME = "$(TARGET_NAME)";
				SWIFT_EMIT_LOC_STRINGS = NO;
				SWIFT_VERSION = 5.0;
				TARGETED_DEVICE_FAMILY = "1,2";
				TEST_TARGET_NAME = "I am rich";
			};
			name = Release;
		};
/* End XCBuildConfiguration section */

/* Begin XCConfigurationList section */
		3F7195DC2C8E6BCC00DAE121 /* Build configuration list for PBXProject "I am rich" */ = {
			isa = XCConfigurationList;
			buildConfigurations = (
				3F7196092C8E6BCD00DAE121 /* Debug */,
				3F71960A2C8E6BCD00DAE121 /* Release */,
			);
			defaultConfigurationIsVisible = 0;
			defaultConfigurationName = Release;
		};
		3F71960B2C8E6BCD00DAE121 /* Build configuration list for PBXNativeTarget "I am rich" */ = {
			isa = XCConfigurationList;
			buildConfigurations = (
				3F71960C2C8E6BCD00DAE121 /* Debug */,
				3F71960D2C8E6BCD00DAE121 /* Release */,
			);
			defaultConfigurationIsVisible = 0;
			defaultConfigurationName = Release;
		};
		3F71960E2C8E6BCD00DAE121 /* Build configuration list for PBXNativeTarget "I am richTests" */ = {
			isa = XCConfigurationList;
			buildConfigurations = (
				3F71960F2C8E6BCD00DAE121 /* Debug */,
				3F7196102C8E6BCD00DAE121 /* Release */,
			);
			defaultConfigurationIsVisible = 0;
			defaultConfigurationName = Release;
		};
		3F7196112C8E6BCD00DAE121 /* Build configuration list for PBXNativeTarget "I am richUITests" */ = {
			isa = XCConfigurationList;
			buildConfigurations = (
				3F7196122C8E6BCD00DAE121 /* Debug */,
				3F7196132C8E6BCD00DAE121 /* Release */,
			);
			defaultConfigurationIsVisible = 0;
			defaultConfigurationName = Release;
		};
/* End XCConfigurationList section */
	};
	rootObject = 3F7195D92C8E6BCC00DAE121 /* Project object */;
}
